
Microsoft Visual Studio Solution File, Format Version 12.00
# Visual Studio Version 16
VisualStudioVersion = 16.0.30804.86
MinimumVisualStudioVersion = 10.0.40219.1
Project("{8BC9CEB8-8B4A-11D0-8D11-00A0C91BC942}") = "Calculator Console Application - C++", "Calculator Console Application - C++.vcxproj", "{CE473A47-979F-4E5B-8FD1-D76BDF66CE4C}"
EndProject
Global
	GlobalSection(SolutionConfigurationPlatforms) = preSolution
		Debug|x64 = Debug|x64
		Debug|x86 = Debug|x86
		Release|x64 = Release|x64
		Release|x86 = Release|x86
	EndGlobalSection
	GlobalSection(ProjectConfigurationPlatforms) = postSolution
		{CE473A47-979F-4E5B-8FD1-D76BDF66CE4C}.Debug|x64.ActiveCfg = Debug|x64
		{CE473A47-979F-4E5B-8FD1-D76BDF66CE4C}.Debug|x64.Build.0 = Debug|x64
		{CE473A47-979F-4E5B-8FD1-D76BDF66CE4C}.Debug|x86.ActiveCfg = Debug|Win32
		{CE473A47-979F-4E5B-8FD1-D76BDF66CE4C}.Debug|x86.Build.0 = Debug|Win32
		{CE473A47-979F-4E5B-8FD1-D76BDF66CE4C}.Release|x64.ActiveCfg = Release|x64
		{CE473A47-979F-4E5B-8FD1-D76BDF66CE4C}.Release|x64.Build.0 = Release|x64
		{CE473A47-979F-4E5B-8FD1-D76BDF66CE4C}.Release|x86.ActiveCfg = Release|Win32
		{CE473A47-979F-4E5B-8FD1-D76BDF66CE4C}.Release|x86.Build.0 = Release|Win32
	EndGlobalSection
	GlobalSection(SolutionProperties) = preSolution
		HideSolutionNode = FALSE
	EndGlobalSection
	GlobalSection(ExtensibilityGlobals) = postSolution
		SolutionGuid = {CC0A6AE1-1BD8-45F0-BD6A-4A0033C0127C}
	EndGlobalSection
EndGlobal
